// !$*UTF8*$!
{
	archiveVersion = 1;
	classes = {
	};
	objectVersion = 46;
	objects = {

/* Begin PBXBuildFile section */
		0A0C3A911BBF0DB600574371 /* CameraDetailsController.swift in Sources */ = {isa = PBXBuildFile; fileRef = 0A0C3A901BBF0DB600574371 /* CameraDetailsController.swift */; };
		0A0C3A931BBF324F00574371 /* iTunesArtwork@2x.png in Resources */ = {isa = PBXBuildFile; fileRef = 0A0C3A921BBF324F00574371 /* iTunesArtwork@2x.png */; };
		0A3CF2D81BB8CF0D00D389CB /* Concourse C3 Regular.otf in Resources */ = {isa = PBXBuildFile; fileRef = 0A3CF2D41BB8CF0D00D389CB /* Concourse C3 Regular.otf */; };
		0A3CF2D91BB8CF0D00D389CB /* Concourse T3 Italic.otf in Resources */ = {isa = PBXBuildFile; fileRef = 0A3CF2D51BB8CF0D00D389CB /* Concourse T3 Italic.otf */; };
		0A3CF2DA1BB8CF0D00D389CB /* Concourse T3 Regular.otf in Resources */ = {isa = PBXBuildFile; fileRef = 0A3CF2D61BB8CF0D00D389CB /* Concourse T3 Regular.otf */; };
		0A3CF2DB1BB8CF0D00D389CB /* Concourse T4 Regular.otf in Resources */ = {isa = PBXBuildFile; fileRef = 0A3CF2D71BB8CF0D00D389CB /* Concourse T4 Regular.otf */; };
		0A5883A11BB34A6F0003BB17 /* AppDelegate.swift in Sources */ = {isa = PBXBuildFile; fileRef = 0A5883A01BB34A6F0003BB17 /* AppDelegate.swift */; };
		0A5883A61BB34A6F0003BB17 /* Main.storyboard in Resources */ = {isa = PBXBuildFile; fileRef = 0A5883A41BB34A6F0003BB17 /* Main.storyboard */; };
		0A5883A81BB34A6F0003BB17 /* Assets.xcassets in Resources */ = {isa = PBXBuildFile; fileRef = 0A5883A71BB34A6F0003BB17 /* Assets.xcassets */; };
		0A5883AB1BB34A6F0003BB17 /* LaunchScreen.storyboard in Resources */ = {isa = PBXBuildFile; fileRef = 0A5883A91BB34A6F0003BB17 /* LaunchScreen.storyboard */; };
		0A5883B61BB34A6F0003BB17 /* FilmgrainTests.swift in Sources */ = {isa = PBXBuildFile; fileRef = 0A5883B51BB34A6F0003BB17 /* FilmgrainTests.swift */; };
		0A5883C11BB34A6F0003BB17 /* FilmgrainUITests.swift in Sources */ = {isa = PBXBuildFile; fileRef = 0A5883C01BB34A6F0003BB17 /* FilmgrainUITests.swift */; };
		0AC6041A1BBE16C20052B384 /* CameraCell.swift in Sources */ = {isa = PBXBuildFile; fileRef = 0AC604191BBE16C20052B384 /* CameraCell.swift */; };
		0AC6041C1BBE1C590052B384 /* AddCameraController.swift in Sources */ = {isa = PBXBuildFile; fileRef = 0AC6041B1BBE1C590052B384 /* AddCameraController.swift */; };
		0AC6789D1BBDAD4F00919733 /* CamerasViewController.swift in Sources */ = {isa = PBXBuildFile; fileRef = 0AC6789C1BBDAD4F00919733 /* CamerasViewController.swift */; };
		0AC6789F1BBDB62A00919733 /* Camera.swift in Sources */ = {isa = PBXBuildFile; fileRef = 0AC6789E1BBDB62A00919733 /* Camera.swift */; };
		0AC678A11BBDB6A300919733 /* CameraStore.swift in Sources */ = {isa = PBXBuildFile; fileRef = 0AC678A01BBDB6A300919733 /* CameraStore.swift */; };
		0AE640E61BBE48390064B8BF /* LoadCameraController.swift in Sources */ = {isa = PBXBuildFile; fileRef = 0AE640E51BBE48390064B8BF /* LoadCameraController.swift */; };
		158A6966EDCB1C64038D33FF /* Pods_FilmstockTests.framework in Frameworks */ = {isa = PBXBuildFile; fileRef = 581542CC41C88B997E64975C /* Pods_FilmstockTests.framework */; };
/* End PBXBuildFile section */

/* Begin PBXContainerItemProxy section */
		0A5883B21BB34A6F0003BB17 /* PBXContainerItemProxy */ = {
			isa = PBXContainerItemProxy;
			containerPortal = 0A5883951BB34A6E0003BB17 /* Project object */;
			proxyType = 1;
			remoteGlobalIDString = 0A58839C1BB34A6E0003BB17;
			remoteInfo = Filmgrain;
		};
		0A5883BD1BB34A6F0003BB17 /* PBXContainerItemProxy */ = {
			isa = PBXContainerItemProxy;
			containerPortal = 0A5883951BB34A6E0003BB17 /* Project object */;
			proxyType = 1;
			remoteGlobalIDString = 0A58839C1BB34A6E0003BB17;
			remoteInfo = Filmgrain;
		};
/* End PBXContainerItemProxy section */

/* Begin PBXFileReference section */
		0A0C3A901BBF0DB600574371 /* CameraDetailsController.swift */ = {isa = PBXFileReference; fileEncoding = 4; lastKnownFileType = sourcecode.swift; path = CameraDetailsController.swift; sourceTree = "<group>"; };
		0A0C3A921BBF324F00574371 /* iTunesArtwork@2x.png */ = {isa = PBXFileReference; lastKnownFileType = image.png; path = "iTunesArtwork@2x.png"; sourceTree = "<group>"; };
		0A3CF2D41BB8CF0D00D389CB /* Concourse C3 Regular.otf */ = {isa = PBXFileReference; lastKnownFileType = file; path = "Concourse C3 Regular.otf"; sourceTree = "<group>"; };
		0A3CF2D51BB8CF0D00D389CB /* Concourse T3 Italic.otf */ = {isa = PBXFileReference; lastKnownFileType = file; path = "Concourse T3 Italic.otf"; sourceTree = "<group>"; };
		0A3CF2D61BB8CF0D00D389CB /* Concourse T3 Regular.otf */ = {isa = PBXFileReference; lastKnownFileType = file; path = "Concourse T3 Regular.otf"; sourceTree = "<group>"; };
		0A3CF2D71BB8CF0D00D389CB /* Concourse T4 Regular.otf */ = {isa = PBXFileReference; lastKnownFileType = file; path = "Concourse T4 Regular.otf"; sourceTree = "<group>"; };
		0A58839D1BB34A6F0003BB17 /* Filmstock.app */ = {isa = PBXFileReference; explicitFileType = wrapper.application; includeInIndex = 0; path = Filmstock.app; sourceTree = BUILT_PRODUCTS_DIR; };
		0A5883A01BB34A6F0003BB17 /* AppDelegate.swift */ = {isa = PBXFileReference; lastKnownFileType = sourcecode.swift; path = AppDelegate.swift; sourceTree = "<group>"; };
		0A5883A51BB34A6F0003BB17 /* Base */ = {isa = PBXFileReference; lastKnownFileType = file.storyboard; name = Base; path = Base.lproj/Main.storyboard; sourceTree = "<group>"; };
		0A5883A71BB34A6F0003BB17 /* Assets.xcassets */ = {isa = PBXFileReference; lastKnownFileType = folder.assetcatalog; path = Assets.xcassets; sourceTree = "<group>"; };
		0A5883AA1BB34A6F0003BB17 /* Base */ = {isa = PBXFileReference; lastKnownFileType = file.storyboard; name = Base; path = Base.lproj/LaunchScreen.storyboard; sourceTree = "<group>"; };
		0A5883AC1BB34A6F0003BB17 /* Info.plist */ = {isa = PBXFileReference; lastKnownFileType = text.plist.xml; path = Info.plist; sourceTree = "<group>"; };
		0A5883B11BB34A6F0003BB17 /* Filmstock.xctest */ = {isa = PBXFileReference; explicitFileType = wrapper.cfbundle; includeInIndex = 0; path = Filmstock.xctest; sourceTree = BUILT_PRODUCTS_DIR; };
		0A5883B51BB34A6F0003BB17 /* FilmgrainTests.swift */ = {isa = PBXFileReference; lastKnownFileType = sourcecode.swift; path = FilmgrainTests.swift; sourceTree = "<group>"; };
		0A5883B71BB34A6F0003BB17 /* Info.plist */ = {isa = PBXFileReference; lastKnownFileType = text.plist.xml; path = Info.plist; sourceTree = "<group>"; };
		0A5883BC1BB34A6F0003BB17 /* Filmstock.xctest */ = {isa = PBXFileReference; explicitFileType = wrapper.cfbundle; includeInIndex = 0; path = Filmstock.xctest; sourceTree = BUILT_PRODUCTS_DIR; };
		0A5883C01BB34A6F0003BB17 /* FilmgrainUITests.swift */ = {isa = PBXFileReference; lastKnownFileType = sourcecode.swift; path = FilmgrainUITests.swift; sourceTree = "<group>"; };
		0A5883C21BB34A6F0003BB17 /* Info.plist */ = {isa = PBXFileReference; lastKnownFileType = text.plist.xml; path = Info.plist; sourceTree = "<group>"; };
		0AC604191BBE16C20052B384 /* CameraCell.swift */ = {isa = PBXFileReference; fileEncoding = 4; lastKnownFileType = sourcecode.swift; path = CameraCell.swift; sourceTree = "<group>"; };
		0AC6041B1BBE1C590052B384 /* AddCameraController.swift */ = {isa = PBXFileReference; fileEncoding = 4; lastKnownFileType = sourcecode.swift; path = AddCameraController.swift; sourceTree = "<group>"; };
		0AC6789C1BBDAD4F00919733 /* CamerasViewController.swift */ = {isa = PBXFileReference; fileEncoding = 4; lastKnownFileType = sourcecode.swift; name = CamerasViewController.swift; path = ../CamerasViewController.swift; sourceTree = "<group>"; };
		0AC6789E1BBDB62A00919733 /* Camera.swift */ = {isa = PBXFileReference; fileEncoding = 4; lastKnownFileType = sourcecode.swift; path = Camera.swift; sourceTree = "<group>"; };
		0AC678A01BBDB6A300919733 /* CameraStore.swift */ = {isa = PBXFileReference; fileEncoding = 4; lastKnownFileType = sourcecode.swift; path = CameraStore.swift; sourceTree = "<group>"; };
		0AE640E51BBE48390064B8BF /* LoadCameraController.swift */ = {isa = PBXFileReference; fileEncoding = 4; lastKnownFileType = sourcecode.swift; path = LoadCameraController.swift; sourceTree = "<group>"; };
		581542CC41C88B997E64975C /* Pods_FilmstockTests.framework */ = {isa = PBXFileReference; explicitFileType = wrapper.framework; includeInIndex = 0; path = Pods_FilmstockTests.framework; sourceTree = BUILT_PRODUCTS_DIR; };
		7EEA44C0037634E2AE3012EE /* Pods-FilmstockTests.release.xcconfig */ = {isa = PBXFileReference; includeInIndex = 1; lastKnownFileType = text.xcconfig; name = "Pods-FilmstockTests.release.xcconfig"; path = "Pods/Target Support Files/Pods-FilmstockTests/Pods-FilmstockTests.release.xcconfig"; sourceTree = "<group>"; };
		7EEFB6B712A5232FD02D12C8 /* Pods-FilmstockTests.debug.xcconfig */ = {isa = PBXFileReference; includeInIndex = 1; lastKnownFileType = text.xcconfig; name = "Pods-FilmstockTests.debug.xcconfig"; path = "Pods/Target Support Files/Pods-FilmstockTests/Pods-FilmstockTests.debug.xcconfig"; sourceTree = "<group>"; };
/* End PBXFileReference section */

/* Begin PBXFrameworksBuildPhase section */
		0A58839A1BB34A6E0003BB17 /* Frameworks */ = {
			isa = PBXFrameworksBuildPhase;
			buildActionMask = 2147483647;
			files = (
			);
			runOnlyForDeploymentPostprocessing = 0;
		};
		0A5883AE1BB34A6F0003BB17 /* Frameworks */ = {
			isa = PBXFrameworksBuildPhase;
			buildActionMask = 2147483647;
			files = (
				158A6966EDCB1C64038D33FF /* Pods_FilmstockTests.framework in Frameworks */,
			);
			runOnlyForDeploymentPostprocessing = 0;
		};
		0A5883B91BB34A6F0003BB17 /* Frameworks */ = {
			isa = PBXFrameworksBuildPhase;
			buildActionMask = 2147483647;
			files = (
			);
			runOnlyForDeploymentPostprocessing = 0;
		};
/* End PBXFrameworksBuildPhase section */

/* Begin PBXGroup section */
		0A3CF2DC1BB8CF1C00D389CB /* Fonts */ = {
			isa = PBXGroup;
			children = (
				0A3CF2D41BB8CF0D00D389CB /* Concourse C3 Regular.otf */,
				0A3CF2D51BB8CF0D00D389CB /* Concourse T3 Italic.otf */,
				0A3CF2D61BB8CF0D00D389CB /* Concourse T3 Regular.otf */,
				0A3CF2D71BB8CF0D00D389CB /* Concourse T4 Regular.otf */,
			);
			name = Fonts;
			sourceTree = "<group>";
		};
		0A5883941BB34A6E0003BB17 = {
			isa = PBXGroup;
			children = (
				0A0C3A921BBF324F00574371 /* iTunesArtwork@2x.png */,
				0A58839F1BB34A6F0003BB17 /* Filmgrain */,
				0A5883B41BB34A6F0003BB17 /* FilmgrainTests */,
				0A5883BF1BB34A6F0003BB17 /* FilmgrainUITests */,
				0A58839E1BB34A6F0003BB17 /* Products */,
				0A3CF2DC1BB8CF1C00D389CB /* Fonts */,
				307678CFAD32C21CCF4D3C80 /* Pods */,
				0FCAFE6F6EAFF3327E2A79CF /* Frameworks */,
			);
			sourceTree = "<group>";
		};
		0A58839E1BB34A6F0003BB17 /* Products */ = {
			isa = PBXGroup;
			children = (
				0A58839D1BB34A6F0003BB17 /* Filmstock.app */,
				0A5883B11BB34A6F0003BB17 /* Filmstock.xctest */,
				0A5883BC1BB34A6F0003BB17 /* Filmstock.xctest */,
			);
			name = Products;
			sourceTree = "<group>";
		};
		0A58839F1BB34A6F0003BB17 /* Filmgrain */ = {
			isa = PBXGroup;
			children = (
				0AC6789C1BBDAD4F00919733 /* CamerasViewController.swift */,
				0A5883A01BB34A6F0003BB17 /* AppDelegate.swift */,
				0A0C3A901BBF0DB600574371 /* CameraDetailsController.swift */,
				0A5883A41BB34A6F0003BB17 /* Main.storyboard */,
				0AE640E51BBE48390064B8BF /* LoadCameraController.swift */,
				0AC6041B1BBE1C590052B384 /* AddCameraController.swift */,
				0AC604191BBE16C20052B384 /* CameraCell.swift */,
				0AC6789E1BBDB62A00919733 /* Camera.swift */,
				0AC678A01BBDB6A300919733 /* CameraStore.swift */,
				0A5883A71BB34A6F0003BB17 /* Assets.xcassets */,
				0A5883A91BB34A6F0003BB17 /* LaunchScreen.storyboard */,
				0A5883AC1BB34A6F0003BB17 /* Info.plist */,
			);
			path = Filmgrain;
			sourceTree = "<group>";
		};
		0A5883B41BB34A6F0003BB17 /* FilmgrainTests */ = {
			isa = PBXGroup;
			children = (
				0A5883B51BB34A6F0003BB17 /* FilmgrainTests.swift */,
				0A5883B71BB34A6F0003BB17 /* Info.plist */,
			);
			path = FilmgrainTests;
			sourceTree = SOURCE_ROOT;
		};
		0A5883BF1BB34A6F0003BB17 /* FilmgrainUITests */ = {
			isa = PBXGroup;
			children = (
				0A5883C01BB34A6F0003BB17 /* FilmgrainUITests.swift */,
				0A5883C21BB34A6F0003BB17 /* Info.plist */,
			);
			path = FilmgrainUITests;
			sourceTree = "<group>";
		};
		0FCAFE6F6EAFF3327E2A79CF /* Frameworks */ = {
			isa = PBXGroup;
			children = (
				581542CC41C88B997E64975C /* Pods_FilmstockTests.framework */,
			);
			name = Frameworks;
			sourceTree = "<group>";
		};
		307678CFAD32C21CCF4D3C80 /* Pods */ = {
			isa = PBXGroup;
			children = (
				7EEFB6B712A5232FD02D12C8 /* Pods-FilmstockTests.debug.xcconfig */,
				7EEA44C0037634E2AE3012EE /* Pods-FilmstockTests.release.xcconfig */,
			);
			name = Pods;
			sourceTree = "<group>";
		};
/* End PBXGroup section */

/* Begin PBXNativeTarget section */
		0A58839C1BB34A6E0003BB17 /* Filmstock */ = {
			isa = PBXNativeTarget;
			buildConfigurationList = 0A5883C51BB34A6F0003BB17 /* Build configuration list for PBXNativeTarget "Filmstock" */;
			buildPhases = (
				0A5883991BB34A6E0003BB17 /* Sources */,
				0A58839A1BB34A6E0003BB17 /* Frameworks */,
				0A58839B1BB34A6E0003BB17 /* Resources */,
			);
			buildRules = (
			);
			dependencies = (
			);
			name = Filmstock;
			productName = Filmgrain;
			productReference = 0A58839D1BB34A6F0003BB17 /* Filmstock.app */;
			productType = "com.apple.product-type.application";
		};
		0A5883B01BB34A6F0003BB17 /* FilmstockTests */ = {
			isa = PBXNativeTarget;
			buildConfigurationList = 0A5883C81BB34A6F0003BB17 /* Build configuration list for PBXNativeTarget "FilmstockTests" */;
			buildPhases = (
				6C7BD245F640DCE6A2768734 /* Check Pods Manifest.lock */,
				0A5883AD1BB34A6F0003BB17 /* Sources */,
				0A5883AE1BB34A6F0003BB17 /* Frameworks */,
				0A5883AF1BB34A6F0003BB17 /* Resources */,
				E6FBAC4911D2133E8B09716E /* Embed Pods Frameworks */,
				CE94EC968953DBCEF1ECEB3F /* Copy Pods Resources */,
			);
			buildRules = (
			);
			dependencies = (
				0A5883B31BB34A6F0003BB17 /* PBXTargetDependency */,
			);
			name = FilmstockTests;
			productName = FilmgrainTests;
			productReference = 0A5883B11BB34A6F0003BB17 /* Filmstock.xctest */;
			productType = "com.apple.product-type.bundle.unit-test";
		};
		0A5883BB1BB34A6F0003BB17 /* FilmstockUITests */ = {
			isa = PBXNativeTarget;
			buildConfigurationList = 0A5883CB1BB34A6F0003BB17 /* Build configuration list for PBXNativeTarget "FilmstockUITests" */;
			buildPhases = (
				0A5883B81BB34A6F0003BB17 /* Sources */,
				0A5883B91BB34A6F0003BB17 /* Frameworks */,
				0A5883BA1BB34A6F0003BB17 /* Resources */,
			);
			buildRules = (
			);
			dependencies = (
				0A5883BE1BB34A6F0003BB17 /* PBXTargetDependency */,
			);
			name = FilmstockUITests;
			productName = FilmgrainUITests;
			productReference = 0A5883BC1BB34A6F0003BB17 /* Filmstock.xctest */;
			productType = "com.apple.product-type.bundle.ui-testing";
		};
/* End PBXNativeTarget section */

/* Begin PBXProject section */
		0A5883951BB34A6E0003BB17 /* Project object */ = {
			isa = PBXProject;
			attributes = {
				LastUpgradeCheck = 0700;
				ORGANIZATIONNAME = "Kevin McGladdery";
				TargetAttributes = {
					0A58839C1BB34A6E0003BB17 = {
						CreatedOnToolsVersion = 7.0;
						DevelopmentTeam = P3HAZUW5GC;
					};
					0A5883B01BB34A6F0003BB17 = {
						CreatedOnToolsVersion = 7.0;
						TestTargetID = 0A58839C1BB34A6E0003BB17;
					};
					0A5883BB1BB34A6F0003BB17 = {
						CreatedOnToolsVersion = 7.0;
						TestTargetID = 0A58839C1BB34A6E0003BB17;
					};
				};
			};
			buildConfigurationList = 0A5883981BB34A6E0003BB17 /* Build configuration list for PBXProject "Filmstock" */;
			compatibilityVersion = "Xcode 3.2";
			developmentRegion = English;
			hasScannedForEncodings = 0;
			knownRegions = (
				en,
				Base,
			);
			mainGroup = 0A5883941BB34A6E0003BB17;
			productRefGroup = 0A58839E1BB34A6F0003BB17 /* Products */;
			projectDirPath = "";
			projectRoot = "";
			targets = (
				0A58839C1BB34A6E0003BB17 /* Filmstock */,
				0A5883B01BB34A6F0003BB17 /* FilmstockTests */,
				0A5883BB1BB34A6F0003BB17 /* FilmstockUITests */,
			);
		};
/* End PBXProject section */

/* Begin PBXResourcesBuildPhase section */
		0A58839B1BB34A6E0003BB17 /* Resources */ = {
			isa = PBXResourcesBuildPhase;
			buildActionMask = 2147483647;
			files = (
				0A3CF2DB1BB8CF0D00D389CB /* Concourse T4 Regular.otf in Resources */,
				0A3CF2D91BB8CF0D00D389CB /* Concourse T3 Italic.otf in Resources */,
				0A3CF2D81BB8CF0D00D389CB /* Concourse C3 Regular.otf in Resources */,
				0A0C3A931BBF324F00574371 /* iTunesArtwork@2x.png in Resources */,
				0A5883AB1BB34A6F0003BB17 /* LaunchScreen.storyboard in Resources */,
				0A5883A81BB34A6F0003BB17 /* Assets.xcassets in Resources */,
				0A5883A61BB34A6F0003BB17 /* Main.storyboard in Resources */,
				0A3CF2DA1BB8CF0D00D389CB /* Concourse T3 Regular.otf in Resources */,
			);
			runOnlyForDeploymentPostprocessing = 0;
		};
		0A5883AF1BB34A6F0003BB17 /* Resources */ = {
			isa = PBXResourcesBuildPhase;
			buildActionMask = 2147483647;
			files = (
			);
			runOnlyForDeploymentPostprocessing = 0;
		};
		0A5883BA1BB34A6F0003BB17 /* Resources */ = {
			isa = PBXResourcesBuildPhase;
			buildActionMask = 2147483647;
			files = (
			);
			runOnlyForDeploymentPostprocessing = 0;
		};
/* End PBXResourcesBuildPhase section */

/* Begin PBXShellScriptBuildPhase section */
		6C7BD245F640DCE6A2768734 /* Check Pods Manifest.lock */ = {
			isa = PBXShellScriptBuildPhase;
			buildActionMask = 2147483647;
			files = (
			);
			inputPaths = (
			);
			name = "Check Pods Manifest.lock";
			outputPaths = (
			);
			runOnlyForDeploymentPostprocessing = 0;
			shellPath = /bin/sh;
			shellScript = "diff \"${PODS_ROOT}/../Podfile.lock\" \"${PODS_ROOT}/Manifest.lock\" > /dev/null\nif [[ $? != 0 ]] ; then\n    cat << EOM\nerror: The sandbox is not in sync with the Podfile.lock. Run 'pod install' or update your CocoaPods installation.\nEOM\n    exit 1\nfi\n";
			showEnvVarsInLog = 0;
		};
		CE94EC968953DBCEF1ECEB3F /* Copy Pods Resources */ = {
			isa = PBXShellScriptBuildPhase;
			buildActionMask = 2147483647;
			files = (
			);
			inputPaths = (
			);
			name = "Copy Pods Resources";
			outputPaths = (
			);
			runOnlyForDeploymentPostprocessing = 0;
			shellPath = /bin/sh;
			shellScript = "\"${SRCROOT}/Pods/Target Support Files/Pods-FilmstockTests/Pods-FilmstockTests-resources.sh\"\n";
			showEnvVarsInLog = 0;
		};
		E6FBAC4911D2133E8B09716E /* Embed Pods Frameworks */ = {
			isa = PBXShellScriptBuildPhase;
			buildActionMask = 2147483647;
			files = (
			);
			inputPaths = (
			);
			name = "Embed Pods Frameworks";
			outputPaths = (
			);
			runOnlyForDeploymentPostprocessing = 0;
			shellPath = /bin/sh;
			shellScript = "\"${SRCROOT}/Pods/Target Support Files/Pods-FilmstockTests/Pods-FilmstockTests-frameworks.sh\"\n";
			showEnvVarsInLog = 0;
		};
/* End PBXShellScriptBuildPhase section */

/* Begin PBXSourcesBuildPhase section */
		0A5883991BB34A6E0003BB17 /* Sources */ = {
			isa = PBXSourcesBuildPhase;
			buildActionMask = 2147483647;
			files = (
				0AC6041A1BBE16C20052B384 /* CameraCell.swift in Sources */,
				0AC6789F1BBDB62A00919733 /* Camera.swift in Sources */,
				0AE640E61BBE48390064B8BF /* LoadCameraController.swift in Sources */,
				0A0C3A911BBF0DB600574371 /* CameraDetailsController.swift in Sources */,
				0A5883A11BB34A6F0003BB17 /* AppDelegate.swift in Sources */,
				0AC6789D1BBDAD4F00919733 /* CamerasViewController.swift in Sources */,
				0AC6041C1BBE1C590052B384 /* AddCameraController.swift in Sources */,
				0AC678A11BBDB6A300919733 /* CameraStore.swift in Sources */,
			);
			runOnlyForDeploymentPostprocessing = 0;
		};
		0A5883AD1BB34A6F0003BB17 /* Sources */ = {
			isa = PBXSourcesBuildPhase;
			buildActionMask = 2147483647;
			files = (
				0A5883B61BB34A6F0003BB17 /* FilmgrainTests.swift in Sources */,
			);
			runOnlyForDeploymentPostprocessing = 0;
		};
		0A5883B81BB34A6F0003BB17 /* Sources */ = {
			isa = PBXSourcesBuildPhase;
			buildActionMask = 2147483647;
			files = (
				0A5883C11BB34A6F0003BB17 /* FilmgrainUITests.swift in Sources */,
			);
			runOnlyForDeploymentPostprocessing = 0;
		};
/* End PBXSourcesBuildPhase section */

/* Begin PBXTargetDependency section */
		0A5883B31BB34A6F0003BB17 /* PBXTargetDependency */ = {
			isa = PBXTargetDependency;
			target = 0A58839C1BB34A6E0003BB17 /* Filmstock */;
			targetProxy = 0A5883B21BB34A6F0003BB17 /* PBXContainerItemProxy */;
		};
		0A5883BE1BB34A6F0003BB17 /* PBXTargetDependency */ = {
			isa = PBXTargetDependency;
			target = 0A58839C1BB34A6E0003BB17 /* Filmstock */;
			targetProxy = 0A5883BD1BB34A6F0003BB17 /* PBXContainerItemProxy */;
		};
/* End PBXTargetDependency section */

/* Begin PBXVariantGroup section */
		0A5883A41BB34A6F0003BB17 /* Main.storyboard */ = {
			isa = PBXVariantGroup;
			children = (
				0A5883A51BB34A6F0003BB17 /* Base */,
			);
			name = Main.storyboard;
			sourceTree = "<group>";
		};
		0A5883A91BB34A6F0003BB17 /* LaunchScreen.storyboard */ = {
			isa = PBXVariantGroup;
			children = (
				0A5883AA1BB34A6F0003BB17 /* Base */,
			);
			name = LaunchScreen.storyboard;
			sourceTree = "<group>";
		};
/* End PBXVariantGroup section */

/* Begin XCBuildConfiguration section */
		0A5883C31BB34A6F0003BB17 /* Debug */ = {
			isa = XCBuildConfiguration;
			buildSettings = {
				ALWAYS_SEARCH_USER_PATHS = NO;
				CLANG_CXX_LANGUAGE_STANDARD = "gnu++0x";
				CLANG_CXX_LIBRARY = "libc++";
				CLANG_ENABLE_MODULES = YES;
				CLANG_ENABLE_OBJC_ARC = YES;
				CLANG_WARN_BOOL_CONVERSION = YES;
				CLANG_WARN_CONSTANT_CONVERSION = YES;
				CLANG_WARN_DIRECT_OBJC_ISA_USAGE = YES_ERROR;
				CLANG_WARN_EMPTY_BODY = YES;
				CLANG_WARN_ENUM_CONVERSION = YES;
				CLANG_WARN_INT_CONVERSION = YES;
				CLANG_WARN_OBJC_ROOT_CLASS = YES_ERROR;
				CLANG_WARN_UNREACHABLE_CODE = YES;
				CLANG_WARN__DUPLICATE_METHOD_MATCH = YES;
				"CODE_SIGN_IDENTITY[sdk=iphoneos*]" = "iPhone Developer";
				COPY_PHASE_STRIP = NO;
				DEBUG_INFORMATION_FORMAT = dwarf;
				ENABLE_STRICT_OBJC_MSGSEND = YES;
				ENABLE_TESTABILITY = YES;
				GCC_C_LANGUAGE_STANDARD = gnu99;
				GCC_DYNAMIC_NO_PIC = NO;
				GCC_NO_COMMON_BLOCKS = YES;
				GCC_OPTIMIZATION_LEVEL = 0;
				GCC_PREPROCESSOR_DEFINITIONS = (
					"DEBUG=1",
					"$(inherited)",
				);
				GCC_WARN_64_TO_32_BIT_CONVERSION = YES;
				GCC_WARN_ABOUT_RETURN_TYPE = YES_ERROR;
				GCC_WARN_UNDECLARED_SELECTOR = YES;
				GCC_WARN_UNINITIALIZED_AUTOS = YES_AGGRESSIVE;
				GCC_WARN_UNUSED_FUNCTION = YES;
				GCC_WARN_UNUSED_VARIABLE = YES;
				IPHONEOS_DEPLOYMENT_TARGET = 9.0;
				MTL_ENABLE_DEBUG_INFO = YES;
				ONLY_ACTIVE_ARCH = YES;
				SDKROOT = iphoneos;
				SWIFT_OPTIMIZATION_LEVEL = "-Onone";
			};
			name = Debug;
		};
		0A5883C41BB34A6F0003BB17 /* Release */ = {
			isa = XCBuildConfiguration;
			buildSettings = {
				ALWAYS_SEARCH_USER_PATHS = NO;
				CLANG_CXX_LANGUAGE_STANDARD = "gnu++0x";
				CLANG_CXX_LIBRARY = "libc++";
				CLANG_ENABLE_MODULES = YES;
				CLANG_ENABLE_OBJC_ARC = YES;
				CLANG_WARN_BOOL_CONVERSION = YES;
				CLANG_WARN_CONSTANT_CONVERSION = YES;
				CLANG_WARN_DIRECT_OBJC_ISA_USAGE = YES_ERROR;
				CLANG_WARN_EMPTY_BODY = YES;
				CLANG_WARN_ENUM_CONVERSION = YES;
				CLANG_WARN_INT_CONVERSION = YES;
				CLANG_WARN_OBJC_ROOT_CLASS = YES_ERROR;
				CLANG_WARN_UNREACHABLE_CODE = YES;
				CLANG_WARN__DUPLICATE_METHOD_MATCH = YES;
				"CODE_SIGN_IDENTITY[sdk=iphoneos*]" = "iPhone Developer";
				COPY_PHASE_STRIP = NO;
				DEBUG_INFORMATION_FORMAT = "dwarf-with-dsym";
				ENABLE_NS_ASSERTIONS = NO;
				ENABLE_STRICT_OBJC_MSGSEND = YES;
				GCC_C_LANGUAGE_STANDARD = gnu99;
				GCC_NO_COMMON_BLOCKS = YES;
				GCC_WARN_64_TO_32_BIT_CONVERSION = YES;
				GCC_WARN_ABOUT_RETURN_TYPE = YES_ERROR;
				GCC_WARN_UNDECLARED_SELECTOR = YES;
				GCC_WARN_UNINITIALIZED_AUTOS = YES_AGGRESSIVE;
				GCC_WARN_UNUSED_FUNCTION = YES;
				GCC_WARN_UNUSED_VARIABLE = YES;
				IPHONEOS_DEPLOYMENT_TARGET = 9.0;
				MTL_ENABLE_DEBUG_INFO = NO;
				SDKROOT = iphoneos;
				VALIDATE_PRODUCT = YES;
			};
			name = Release;
		};
		0A5883C61BB34A6F0003BB17 /* Debug */ = {
			isa = XCBuildConfiguration;
			buildSettings = {
				ASSETCATALOG_COMPILER_APPICON_NAME = AppIcon;
				CODE_SIGN_IDENTITY = "iPhone Developer";
				"CODE_SIGN_IDENTITY[sdk=iphoneos*]" = "iPhone Developer";
				INFOPLIST_FILE = Filmgrain/Info.plist;
				IPHONEOS_DEPLOYMENT_TARGET = 9.0;
				LD_RUNPATH_SEARCH_PATHS = "$(inherited) @executable_path/Frameworks";
				PRODUCT_BUNDLE_IDENTIFIER = com.kevinmcgladdery.Filmgrain;
				PRODUCT_NAME = Filmstock;
				PROVISIONING_PROFILE = "";
			};
			name = Debug;
		};
		0A5883C71BB34A6F0003BB17 /* Release */ = {
			isa = XCBuildConfiguration;
			buildSettings = {
				ASSETCATALOG_COMPILER_APPICON_NAME = AppIcon;
				CODE_SIGN_IDENTITY = "iPhone Developer";
				"CODE_SIGN_IDENTITY[sdk=iphoneos*]" = "iPhone Developer";
				INFOPLIST_FILE = Filmgrain/Info.plist;
				IPHONEOS_DEPLOYMENT_TARGET = 9.0;
				LD_RUNPATH_SEARCH_PATHS = "$(inherited) @executable_path/Frameworks";
				PRODUCT_BUNDLE_IDENTIFIER = com.kevinmcgladdery.Filmgrain;
				PRODUCT_NAME = Filmstock;
				PROVISIONING_PROFILE = "";
			};
			name = Release;
		};
		0A5883C91BB34A6F0003BB17 /* Debug */ = {
			isa = XCBuildConfiguration;
			baseConfigurationReference = 7EEFB6B712A5232FD02D12C8 /* Pods-FilmstockTests.debug.xcconfig */;
			buildSettings = {
				BUNDLE_LOADER = "$(TEST_HOST)";
				INFOPLIST_FILE = FilmgrainTests/Info.plist;
				LD_RUNPATH_SEARCH_PATHS = "$(inherited) @executable_path/Frameworks @loader_path/Frameworks";
				PRODUCT_BUNDLE_IDENTIFIER = com.kevin.mcgladdery.FilmgrainTests;
				PRODUCT_NAME = Filmstock;
				TEST_HOST = "$(BUILT_PRODUCTS_DIR)/Filmstock.app/Filmstock";
			};
			name = Debug;
		};
		0A5883CA1BB34A6F0003BB17 /* Release */ = {
			isa = XCBuildConfiguration;
			baseConfigurationReference = 7EEA44C0037634E2AE3012EE /* Pods-FilmstockTests.release.xcconfig */;
			buildSettings = {
				BUNDLE_LOADER = "$(TEST_HOST)";
				INFOPLIST_FILE = FilmgrainTests/Info.plist;
				LD_RUNPATH_SEARCH_PATHS = "$(inherited) @executable_path/Frameworks @loader_path/Frameworks";
				PRODUCT_BUNDLE_IDENTIFIER = com.kevin.mcgladdery.FilmgrainTests;
				PRODUCT_NAME = Filmstock;
				TEST_HOST = "$(BUILT_PRODUCTS_DIR)/Filmstock.app/Filmstock";
			};
			name = Release;
		};
		0A5883CC1BB34A6F0003BB17 /* Debug */ = {
			isa = XCBuildConfiguration;
			buildSettings = {
				INFOPLIST_FILE = FilmgrainUITests/Info.plist;
				LD_RUNPATH_SEARCH_PATHS = "$(inherited) @executable_path/Frameworks @loader_path/Frameworks";
				PRODUCT_BUNDLE_IDENTIFIER = com.kevin.mcgladdery.FilmgrainUITests;
				PRODUCT_NAME = Filmstock;
				TEST_TARGET_NAME = Filmgrain;
				USES_XCTRUNNER = YES;
			};
			name = Debug;
		};
		0A5883CD1BB34A6F0003BB17 /* Release */ = {
			isa = XCBuildConfiguration;
			buildSettings = {
				INFOPLIST_FILE = FilmgrainUITests/Info.plist;
				LD_RUNPATH_SEARCH_PATHS = "$(inherited) @executable_path/Frameworks @loader_path/Frameworks";
				PRODUCT_BUNDLE_IDENTIFIER = com.kevin.mcgladdery.FilmgrainUITests;
				PRODUCT_NAME = Filmstock;
				TEST_TARGET_NAME = Filmgrain;
				USES_XCTRUNNER = YES;
			};
			name = Release;
		};
/* End XCBuildConfiguration section */

/* Begin XCConfigurationList section */
		0A5883981BB34A6E0003BB17 /* Build configuration list for PBXProject "Filmstock" */ = {
			isa = XCConfigurationList;
			buildConfigurations = (
				0A5883C31BB34A6F0003BB17 /* Debug */,
				0A5883C41BB34A6F0003BB17 /* Release */,
			);
			defaultConfigurationIsVisible = 0;
			defaultConfigurationName = Release;
		};
		0A5883C51BB34A6F0003BB17 /* Build configuration list for PBXNativeTarget "Filmstock" */ = {
			isa = XCConfigurationList;
			buildConfigurations = (
				0A5883C61BB34A6F0003BB17 /* Debug */,
				0A5883C71BB34A6F0003BB17 /* Release */,
			);
			defaultConfigurationIsVisible = 0;
			defaultConfigurationName = Release;
		};
		0A5883C81BB34A6F0003BB17 /* Build configuration list for PBXNativeTarget "FilmstockTests" */ = {
			isa = XCConfigurationList;
			buildConfigurations = (
				0A5883C91BB34A6F0003BB17 /* Debug */,
				0A5883CA1BB34A6F0003BB17 /* Release */,
			);
			defaultConfigurationIsVisible = 0;
			defaultConfigurationName = Release;
		};
		0A5883CB1BB34A6F0003BB17 /* Build configuration list for PBXNativeTarget "FilmstockUITests" */ = {
			isa = XCConfigurationList;
			buildConfigurations = (
				0A5883CC1BB34A6F0003BB17 /* Debug */,
				0A5883CD1BB34A6F0003BB17 /* Release */,
			);
			defaultConfigurationIsVisible = 0;
			defaultConfigurationName = Release;
		};
/* End XCConfigurationList section */
	};
	rootObject = 0A5883951BB34A6E0003BB17 /* Project object */;
}
